
Microsoft Visual Studio Solution File, Format Version 12.00
# Visual Studio Version 17
VisualStudioVersion = 17.14.36414.22 d17.14
MinimumVisualStudioVersion = 10.0.40219.1
Project("{FAE04EC0-301F-11D3-BF4B-00C04F79EFBC}") = "GestionHospital", "GestionHospital\GestionHospital.csproj", "{ABF29DE4-967F-4DEF-9C25-728B3F876707}"
EndProject
Global
	GlobalSection(SolutionConfigurationPlatforms) = preSolution
		Debug|Any CPU = Debug|Any CPU
		Release|Any CPU = Release|Any CPU
	EndGlobalSection
	GlobalSection(ProjectConfigurationPlatforms) = postSolution
		{ABF29DE4-967F-4DEF-9C25-728B3F876707}.Debug|Any CPU.ActiveCfg = Debug|Any CPU
		{ABF29DE4-967F-4DEF-9C25-728B3F876707}.Debug|Any CPU.Build.0 = Debug|Any CPU
		{ABF29DE4-967F-4DEF-9C25-728B3F876707}.Release|Any CPU.ActiveCfg = Release|Any CPU
		{ABF29DE4-967F-4DEF-9C25-728B3F876707}.Release|Any CPU.Build.0 = Release|Any CPU
	EndGlobalSection
	GlobalSection(SolutionProperties) = preSolution
		HideSolutionNode = FALSE
	EndGlobalSection
	GlobalSection(ExtensibilityGlobals) = postSolution
		SolutionGuid = {492CD870-A176-40D8-B13D-C46A6EBD349F}
	EndGlobalSection
EndGlobal
